github.com/google/uuid v1.6.0 h1:NIvaJDMOsjHA8n1jAhLSgzrAzy1Hgr+hNrb57e+94F0=
github.com/google/uuid v1.6.0/go.mod h1:TIyPZe4MgqvfeYDBFedMoGGpEw/LqOeaOT+nhxU+yHo=
github.com/volyanyk/todoist v1.0.2 h1:FoGGpywkfPazvmvyf6KxucpuqgQXpkTm7Xag5V7f+jI=
github.com/volyanyk/todoist v1.0.2/go.mod h1:UBB6LNbQxDVpOtM3ZamJ+t+Jy2BzH4p46kS+v8GM2iM=
